
Microsoft Visual Studio Solution File, Format Version 12.00
# Visual Studio 15
VisualStudioVersion = 15.0.28307.489
MinimumVisualStudioVersion = 10.0.40219.1
Project("{FAE04EC0-301F-11D3-BF4B-00C04F79EFBC}") = "HTML5-harjoitukset-MVC", "HTML5-harjoitukset-MVC\HTML5-harjoitukset-MVC.csproj", "{7A3F6744-491A-4CD7-ACDC-02B3F5D85CBC}"
EndProject
Global
	GlobalSection(SolutionConfigurationPlatforms) = preSolution
		Debug|Any CPU = Debug|Any CPU
		Release|Any CPU = Release|Any CPU
	EndGlobalSection
	GlobalSection(ProjectConfigurationPlatforms) = postSolution
		{7A3F6744-491A-4CD7-ACDC-02B3F5D85CBC}.Debug|Any CPU.ActiveCfg = Debug|Any CPU
		{7A3F6744-491A-4CD7-ACDC-02B3F5D85CBC}.Debug|Any CPU.Build.0 = Debug|Any CPU
		{7A3F6744-491A-4CD7-ACDC-02B3F5D85CBC}.Release|Any CPU.ActiveCfg = Release|Any CPU
		{7A3F6744-491A-4CD7-ACDC-02B3F5D85CBC}.Release|Any CPU.Build.0 = Release|Any CPU
	EndGlobalSection
	GlobalSection(SolutionProperties) = preSolution
		HideSolutionNode = FALSE
	EndGlobalSection
	GlobalSection(ExtensibilityGlobals) = postSolution
		SolutionGuid = {CFE8F2A3-D974-40C2-BAE6-E375E69B3308}
	EndGlobalSection
EndGlobal
